
Microsoft Visual Studio Solution File, Format Version 12.00
# Visual Studio Version 17
VisualStudioVersion = 17.11.35222.181
MinimumVisualStudioVersion = 10.0.40219.1
Project("{FAE04EC0-301F-11D3-BF4B-00C04F79EFBC}") = "Fooddeliverywebsite", "Fooddeliverywebsite.csproj", "{A88C8494-B3C1-45C0-A246-414C77DE1F52}"
EndProject
Global
	GlobalSection(SolutionConfigurationPlatforms) = preSolution
		Debug|Any CPU = Debug|Any CPU
		Release|Any CPU = Release|Any CPU
	EndGlobalSection
	GlobalSection(ProjectConfigurationPlatforms) = postSolution
		{A88C8494-B3C1-45C0-A246-414C77DE1F52}.Debug|Any CPU.ActiveCfg = Debug|Any CPU
		{A88C8494-B3C1-45C0-A246-414C77DE1F52}.Debug|Any CPU.Build.0 = Debug|Any CPU
		{A88C8494-B3C1-45C0-A246-414C77DE1F52}.Release|Any CPU.ActiveCfg = Release|Any CPU
		{A88C8494-B3C1-45C0-A246-414C77DE1F52}.Release|Any CPU.Build.0 = Release|Any CPU
	EndGlobalSection
	GlobalSection(SolutionProperties) = preSolution
		HideSolutionNode = FALSE
	EndGlobalSection
	GlobalSection(ExtensibilityGlobals) = postSolution
		SolutionGuid = {2FC2F83C-02AA-43CC-AA35-AB5501C6FDAE}
	EndGlobalSection
EndGlobal
